
Microsoft Visual Studio Solution File, Format Version 12.00
# Visual Studio 2013
VisualStudioVersion = 12.0.31101.0
MinimumVisualStudioVersion = 10.0.40219.1
Project("{FAE04EC0-301F-11D3-BF4B-00C04F79EFBC}") = "Concesionarios.Domain", "Concesionarios.Domain\Concesionarios.Domain.csproj", "{1AFE3B4C-757B-4F9E-BECD-8D00F2371F94}"
EndProject
Project("{FAE04EC0-301F-11D3-BF4B-00C04F79EFBC}") = "Concesionarios.Services", "Concesionarios.Services\Concesionarios.Services.csproj", "{085ED1EA-1B1D-45D2-B33C-43385967122F}"
EndProject
Project("{FAE04EC0-301F-11D3-BF4B-00C04F79EFBC}") = "Concesionarios.UI.WPF", "Concesionarios.UI.WPF\Concesionarios.UI.WPF.csproj", "{D3949ED2-D207-4B0E-B8A7-AD969646648B}"
EndProject
Project("{FAE04EC0-301F-11D3-BF4B-00C04F79EFBC}") = "Concesionarios.Infrastructure.Bootstrap", "Concesionarios.Infrastructure.Bootstrap\Concesionarios.Infrastructure.Bootstrap.csproj", "{E2245928-19DC-4E01-A70B-3FEF522C817B}"
EndProject
Project("{FAE04EC0-301F-11D3-BF4B-00C04F79EFBC}") = "Concesionarios.Framework", "Concesionarios.Framework\Concesionarios.Framework.csproj", "{AE06AA0D-B016-4F5D-98D5-30B8591AEC43}"
EndProject
Project("{2150E333-8FDC-42A3-9474-1A3956D46DE8}") = "Domain", "Domain", "{07DAE230-277D-43B2-8F5F-B0F03E85309F}"
EndProject
Project("{2150E333-8FDC-42A3-9474-1A3956D46DE8}") = "Infrastructure", "Infrastructure", "{029F4629-4B82-4392-BB04-E7C95BDDC163}"
EndProject
Project("{2150E333-8FDC-42A3-9474-1A3956D46DE8}") = "Presentation", "Presentation", "{1784645C-DAF1-456B-8CEE-3DD8A462891C}"
EndProject
Project("{2150E333-8FDC-42A3-9474-1A3956D46DE8}") = "Application", "Application", "{69DC2936-AEF1-49BA-AD78-94050CCF5A8C}"
EndProject
Project("{FAE04EC0-301F-11D3-BF4B-00C04F79EFBC}") = "Concesionarios.Infrastructure.Crosscutting", "Concesionarios.Infrastructure.Crosscutting\Concesionarios.Infrastructure.Crosscutting.csproj", "{C136E405-CADD-4A0F-BF04-86259E176820}"
EndProject
Project("{FAE04EC0-301F-11D3-BF4B-00C04F79EFBC}") = "Concesionarios.Services.DTO", "Concesionarios.Services.DTO\Concesionarios.Services.DTO.csproj", "{E8E22963-E90E-42C0-9A74-1335CA65B71A}"
EndProject
Project("{FAE04EC0-301F-11D3-BF4B-00C04F79EFBC}") = "Concesionarios.Infrastructure.Data.ADO", "Concesionarios.Infrastructure.Data.ADO\Concesionarios.Infrastructure.Data.ADO.csproj", "{AFB8C5A5-36DB-4335-A5E1-7C7467D780DC}"
EndProject
Project("{FAE04EC0-301F-11D3-BF4B-00C04F79EFBC}") = "Concesionarios.UI.Web", "Concesionarios.UI.Web\Concesionarios.UI.Web.csproj", "{204D2B56-9827-4BEC-ACEA-EB4C69102289}"
EndProject
Project("{FAE04EC0-301F-11D3-BF4B-00C04F79EFBC}") = "Concesionarios.Infrastructure.Data.ADO.Tests", "Concesionarios.Infrastructure.Data.ADO.Tests\Concesionarios.Infrastructure.Data.ADO.Tests.csproj", "{2AE46C7A-85D8-4E1D-9E7B-342EF77FAF55}"
EndProject
Project("{FAE04EC0-301F-11D3-BF4B-00C04F79EFBC}") = "Concesionarios.Infrastructure.Data.EF.Tests", "Concesionarios.Infrastructure.Data.EF.Tests\Concesionarios.Infrastructure.Data.EF.Tests.csproj", "{AD713530-C78B-4DA4-8270-531EC3E8894D}"
EndProject
Project("{FAE04EC0-301F-11D3-BF4B-00C04F79EFBC}") = "Concesionarios.Infrastructure.Data.EF", "Concesionarios.Infrastructure.Data.EF\Concesionarios.Infrastructure.Data.EF.csproj", "{5883F91A-8CA2-45F7-B94A-F6714BB684EC}"
EndProject
Project("{FAE04EC0-301F-11D3-BF4B-00C04F79EFBC}") = "Concesionarios.Services.Tests", "Concesionarios.Services.Tests\Concesionarios.Services.Tests.csproj", "{C0C90B04-79BF-4826-8EE6-A0F57334B164}"
EndProject
Project("{FAE04EC0-301F-11D3-BF4B-00C04F79EFBC}") = "Concesionarios.Domain.Tests", "Concesionarios.Domain.Tests\Concesionarios.Domain.Tests.csproj", "{684CBC93-A0B0-4037-A178-0D669A1B70BF}"
EndProject
Project("{FAE04EC0-301F-11D3-BF4B-00C04F79EFBC}") = "Concesionarios.UI.Web.Tests", "Concesionarios.UI.Web.Tests\Concesionarios.UI.Web.Tests.csproj", "{714F8143-B64A-4C8E-A773-F8DE86D1E63C}"
EndProject
Global
	GlobalSection(SolutionConfigurationPlatforms) = preSolution
		Debug|Any CPU = Debug|Any CPU
		Release|Any CPU = Release|Any CPU
	EndGlobalSection
	GlobalSection(ProjectConfigurationPlatforms) = postSolution
		{1AFE3B4C-757B-4F9E-BECD-8D00F2371F94}.Debug|Any CPU.ActiveCfg = Debug|Any CPU
		{1AFE3B4C-757B-4F9E-BECD-8D00F2371F94}.Debug|Any CPU.Build.0 = Debug|Any CPU
		{1AFE3B4C-757B-4F9E-BECD-8D00F2371F94}.Release|Any CPU.ActiveCfg = Release|Any CPU
		{1AFE3B4C-757B-4F9E-BECD-8D00F2371F94}.Release|Any CPU.Build.0 = Release|Any CPU
		{085ED1EA-1B1D-45D2-B33C-43385967122F}.Debug|Any CPU.ActiveCfg = Debug|Any CPU
		{085ED1EA-1B1D-45D2-B33C-43385967122F}.Debug|Any CPU.Build.0 = Debug|Any CPU
		{085ED1EA-1B1D-45D2-B33C-43385967122F}.Release|Any CPU.ActiveCfg = Release|Any CPU
		{085ED1EA-1B1D-45D2-B33C-43385967122F}.Release|Any CPU.Build.0 = Release|Any CPU
		{D3949ED2-D207-4B0E-B8A7-AD969646648B}.Debug|Any CPU.ActiveCfg = Debug|Any CPU
		{D3949ED2-D207-4B0E-B8A7-AD969646648B}.Debug|Any CPU.Build.0 = Debug|Any CPU
		{D3949ED2-D207-4B0E-B8A7-AD969646648B}.Release|Any CPU.ActiveCfg = Release|Any CPU
		{D3949ED2-D207-4B0E-B8A7-AD969646648B}.Release|Any CPU.Build.0 = Release|Any CPU
		{E2245928-19DC-4E01-A70B-3FEF522C817B}.Debug|Any CPU.ActiveCfg = Debug|Any CPU
		{E2245928-19DC-4E01-A70B-3FEF522C817B}.Debug|Any CPU.Build.0 = Debug|Any CPU
		{E2245928-19DC-4E01-A70B-3FEF522C817B}.Release|Any CPU.ActiveCfg = Release|Any CPU
		{E2245928-19DC-4E01-A70B-3FEF522C817B}.Release|Any CPU.Build.0 = Release|Any CPU
		{AE06AA0D-B016-4F5D-98D5-30B8591AEC43}.Debug|Any CPU.ActiveCfg = Debug|Any CPU
		{AE06AA0D-B016-4F5D-98D5-30B8591AEC43}.Debug|Any CPU.Build.0 = Debug|Any CPU
		{AE06AA0D-B016-4F5D-98D5-30B8591AEC43}.Release|Any CPU.ActiveCfg = Release|Any CPU
		{AE06AA0D-B016-4F5D-98D5-30B8591AEC43}.Release|Any CPU.Build.0 = Release|Any CPU
		{C136E405-CADD-4A0F-BF04-86259E176820}.Debug|Any CPU.ActiveCfg = Debug|Any CPU
		{C136E405-CADD-4A0F-BF04-86259E176820}.Debug|Any CPU.Build.0 = Debug|Any CPU
		{C136E405-CADD-4A0F-BF04-86259E176820}.Release|Any CPU.ActiveCfg = Release|Any CPU
		{C136E405-CADD-4A0F-BF04-86259E176820}.Release|Any CPU.Build.0 = Release|Any CPU
		{E8E22963-E90E-42C0-9A74-1335CA65B71A}.Debug|Any CPU.ActiveCfg = Debug|Any CPU
		{E8E22963-E90E-42C0-9A74-1335CA65B71A}.Debug|Any CPU.Build.0 = Debug|Any CPU
		{E8E22963-E90E-42C0-9A74-1335CA65B71A}.Release|Any CPU.ActiveCfg = Release|Any CPU
		{E8E22963-E90E-42C0-9A74-1335CA65B71A}.Release|Any CPU.Build.0 = Release|Any CPU
		{AFB8C5A5-36DB-4335-A5E1-7C7467D780DC}.Debug|Any CPU.ActiveCfg = Debug|Any CPU
		{AFB8C5A5-36DB-4335-A5E1-7C7467D780DC}.Debug|Any CPU.Build.0 = Debug|Any CPU
		{AFB8C5A5-36DB-4335-A5E1-7C7467D780DC}.Release|Any CPU.ActiveCfg = Release|Any CPU
		{AFB8C5A5-36DB-4335-A5E1-7C7467D780DC}.Release|Any CPU.Build.0 = Release|Any CPU
		{204D2B56-9827-4BEC-ACEA-EB4C69102289}.Debug|Any CPU.ActiveCfg = Debug|Any CPU
		{204D2B56-9827-4BEC-ACEA-EB4C69102289}.Debug|Any CPU.Build.0 = Debug|Any CPU
		{204D2B56-9827-4BEC-ACEA-EB4C69102289}.Release|Any CPU.ActiveCfg = Release|Any CPU
		{204D2B56-9827-4BEC-ACEA-EB4C69102289}.Release|Any CPU.Build.0 = Release|Any CPU
		{2AE46C7A-85D8-4E1D-9E7B-342EF77FAF55}.Debug|Any CPU.ActiveCfg = Debug|Any CPU
		{2AE46C7A-85D8-4E1D-9E7B-342EF77FAF55}.Debug|Any CPU.Build.0 = Debug|Any CPU
		{2AE46C7A-85D8-4E1D-9E7B-342EF77FAF55}.Release|Any CPU.ActiveCfg = Release|Any CPU
		{2AE46C7A-85D8-4E1D-9E7B-342EF77FAF55}.Release|Any CPU.Build.0 = Release|Any CPU
		{AD713530-C78B-4DA4-8270-531EC3E8894D}.Debug|Any CPU.ActiveCfg = Debug|Any CPU
		{AD713530-C78B-4DA4-8270-531EC3E8894D}.Debug|Any CPU.Build.0 = Debug|Any CPU
		{AD713530-C78B-4DA4-8270-531EC3E8894D}.Release|Any CPU.ActiveCfg = Release|Any CPU
		{AD713530-C78B-4DA4-8270-531EC3E8894D}.Release|Any CPU.Build.0 = Release|Any CPU
		{5883F91A-8CA2-45F7-B94A-F6714BB684EC}.Debug|Any CPU.ActiveCfg = Debug|Any CPU
		{5883F91A-8CA2-45F7-B94A-F6714BB684EC}.Debug|Any CPU.Build.0 = Debug|Any CPU
		{5883F91A-8CA2-45F7-B94A-F6714BB684EC}.Release|Any CPU.ActiveCfg = Release|Any CPU
		{5883F91A-8CA2-45F7-B94A-F6714BB684EC}.Release|Any CPU.Build.0 = Release|Any CPU
		{C0C90B04-79BF-4826-8EE6-A0F57334B164}.Debug|Any CPU.ActiveCfg = Debug|Any CPU
		{C0C90B04-79BF-4826-8EE6-A0F57334B164}.Debug|Any CPU.Build.0 = Debug|Any CPU
		{C0C90B04-79BF-4826-8EE6-A0F57334B164}.Release|Any CPU.ActiveCfg = Release|Any CPU
		{C0C90B04-79BF-4826-8EE6-A0F57334B164}.Release|Any CPU.Build.0 = Release|Any CPU
		{684CBC93-A0B0-4037-A178-0D669A1B70BF}.Debug|Any CPU.ActiveCfg = Debug|Any CPU
		{684CBC93-A0B0-4037-A178-0D669A1B70BF}.Debug|Any CPU.Build.0 = Debug|Any CPU
		{684CBC93-A0B0-4037-A178-0D669A1B70BF}.Release|Any CPU.ActiveCfg = Release|Any CPU
		{684CBC93-A0B0-4037-A178-0D669A1B70BF}.Release|Any CPU.Build.0 = Release|Any CPU
		{714F8143-B64A-4C8E-A773-F8DE86D1E63C}.Debug|Any CPU.ActiveCfg = Debug|Any CPU
		{714F8143-B64A-4C8E-A773-F8DE86D1E63C}.Debug|Any CPU.Build.0 = Debug|Any CPU
		{714F8143-B64A-4C8E-A773-F8DE86D1E63C}.Release|Any CPU.ActiveCfg = Release|Any CPU
		{714F8143-B64A-4C8E-A773-F8DE86D1E63C}.Release|Any CPU.Build.0 = Release|Any CPU
	EndGlobalSection
	GlobalSection(SolutionProperties) = preSolution
		HideSolutionNode = FALSE
	EndGlobalSection
	GlobalSection(NestedProjects) = preSolution
		{1AFE3B4C-757B-4F9E-BECD-8D00F2371F94} = {07DAE230-277D-43B2-8F5F-B0F03E85309F}
		{085ED1EA-1B1D-45D2-B33C-43385967122F} = {69DC2936-AEF1-49BA-AD78-94050CCF5A8C}
		{D3949ED2-D207-4B0E-B8A7-AD969646648B} = {1784645C-DAF1-456B-8CEE-3DD8A462891C}
		{E2245928-19DC-4E01-A70B-3FEF522C817B} = {029F4629-4B82-4392-BB04-E7C95BDDC163}
		{AE06AA0D-B016-4F5D-98D5-30B8591AEC43} = {029F4629-4B82-4392-BB04-E7C95BDDC163}
		{C136E405-CADD-4A0F-BF04-86259E176820} = {029F4629-4B82-4392-BB04-E7C95BDDC163}
		{E8E22963-E90E-42C0-9A74-1335CA65B71A} = {69DC2936-AEF1-49BA-AD78-94050CCF5A8C}
		{AFB8C5A5-36DB-4335-A5E1-7C7467D780DC} = {029F4629-4B82-4392-BB04-E7C95BDDC163}
		{204D2B56-9827-4BEC-ACEA-EB4C69102289} = {1784645C-DAF1-456B-8CEE-3DD8A462891C}
		{2AE46C7A-85D8-4E1D-9E7B-342EF77FAF55} = {029F4629-4B82-4392-BB04-E7C95BDDC163}
		{AD713530-C78B-4DA4-8270-531EC3E8894D} = {029F4629-4B82-4392-BB04-E7C95BDDC163}
		{5883F91A-8CA2-45F7-B94A-F6714BB684EC} = {029F4629-4B82-4392-BB04-E7C95BDDC163}
		{C0C90B04-79BF-4826-8EE6-A0F57334B164} = {69DC2936-AEF1-49BA-AD78-94050CCF5A8C}
		{684CBC93-A0B0-4037-A178-0D669A1B70BF} = {07DAE230-277D-43B2-8F5F-B0F03E85309F}
		{714F8143-B64A-4C8E-A773-F8DE86D1E63C} = {1784645C-DAF1-456B-8CEE-3DD8A462891C}
	EndGlobalSection
EndGlobal
